
Microsoft Visual Studio Solution File, Format Version 12.00
# Visual Studio 15
VisualStudioVersion = 15.0.28010.2050
MinimumVisualStudioVersion = 10.0.40219.1
Project("{9A19103F-16F7-4668-BE54-9A1E7A4F7556}") = "ACSWWeb", "ACSWWeb\ACSWWeb.csproj", "{66CD6271-1CBB-4927-A0FE-EB9925DF3B0D}"
EndProject
Global
	GlobalSection(SolutionConfigurationPlatforms) = preSolution
		Debug|Any CPU = Debug|Any CPU
		Release|Any CPU = Release|Any CPU
	EndGlobalSection
	GlobalSection(ProjectConfigurationPlatforms) = postSolution
		{66CD6271-1CBB-4927-A0FE-EB9925DF3B0D}.Debug|Any CPU.ActiveCfg = Debug|Any CPU
		{66CD6271-1CBB-4927-A0FE-EB9925DF3B0D}.Debug|Any CPU.Build.0 = Debug|Any CPU
		{66CD6271-1CBB-4927-A0FE-EB9925DF3B0D}.Release|Any CPU.ActiveCfg = Release|Any CPU
		{66CD6271-1CBB-4927-A0FE-EB9925DF3B0D}.Release|Any CPU.Build.0 = Release|Any CPU
	EndGlobalSection
	GlobalSection(SolutionProperties) = preSolution
		HideSolutionNode = FALSE
	EndGlobalSection
	GlobalSection(ExtensibilityGlobals) = postSolution
		SolutionGuid = {2409B656-AB65-4814-A4A8-3FCBE71F6FBF}
	EndGlobalSection
EndGlobal
